
Microsoft Visual Studio Solution File, Format Version 12.00
# Visual Studio Version 17
VisualStudioVersion = 17.1.32421.90
MinimumVisualStudioVersion = 10.0.40219.1
Project("{9A19103F-16F7-4668-BE54-9A1E7A4F7556}") = "Car_Fleet", "Car-Test\Car_Fleet.csproj", "{F87A70E1-1224-4C31-BA69-11E652F96F9D}"
EndProject
Global
	GlobalSection(SolutionConfigurationPlatforms) = preSolution
		Debug|Any CPU = Debug|Any CPU
		Release|Any CPU = Release|Any CPU
	EndGlobalSection
	GlobalSection(ProjectConfigurationPlatforms) = postSolution
		{F87A70E1-1224-4C31-BA69-11E652F96F9D}.Debug|Any CPU.ActiveCfg = Debug|Any CPU
		{F87A70E1-1224-4C31-BA69-11E652F96F9D}.Debug|Any CPU.Build.0 = Debug|Any CPU
		{F87A70E1-1224-4C31-BA69-11E652F96F9D}.Release|Any CPU.ActiveCfg = Release|Any CPU
		{F87A70E1-1224-4C31-BA69-11E652F96F9D}.Release|Any CPU.Build.0 = Release|Any CPU
	EndGlobalSection
	GlobalSection(SolutionProperties) = preSolution
		HideSolutionNode = FALSE
	EndGlobalSection
	GlobalSection(ExtensibilityGlobals) = postSolution
		SolutionGuid = {09485EA9-4A7E-433B-B381-45EEE00E3A4D}
	EndGlobalSection
EndGlobal
