
Microsoft Visual Studio Solution File, Format Version 12.00
# Visual Studio Version 17
VisualStudioVersion = 17.1.32421.90
MinimumVisualStudioVersion = 10.0.40219.1
Project("{FAE04EC0-301F-11D3-BF4B-00C04F79EFBC}") = "car-fleet-front.Android", "car-fleet-front\car-fleet-front.Android\car-fleet-front.Android.csproj", "{907C4563-97F1-481F-8A96-88C33EBAF8DC}"
EndProject
Project("{FAE04EC0-301F-11D3-BF4B-00C04F79EFBC}") = "car-fleet-front", "car-fleet-front\car-fleet-front\car-fleet-front.csproj", "{3C6AAA4F-B0F7-452E-9B95-238C8FE48C7D}"
EndProject
Global
	GlobalSection(SolutionConfigurationPlatforms) = preSolution
		Debug|Any CPU = Debug|Any CPU
		Release|Any CPU = Release|Any CPU
	EndGlobalSection
	GlobalSection(ProjectConfigurationPlatforms) = postSolution
		{907C4563-97F1-481F-8A96-88C33EBAF8DC}.Debug|Any CPU.ActiveCfg = Debug|Any CPU
		{907C4563-97F1-481F-8A96-88C33EBAF8DC}.Debug|Any CPU.Build.0 = Debug|Any CPU
		{907C4563-97F1-481F-8A96-88C33EBAF8DC}.Debug|Any CPU.Deploy.0 = Debug|Any CPU
		{907C4563-97F1-481F-8A96-88C33EBAF8DC}.Release|Any CPU.ActiveCfg = Release|Any CPU
		{907C4563-97F1-481F-8A96-88C33EBAF8DC}.Release|Any CPU.Build.0 = Release|Any CPU
		{907C4563-97F1-481F-8A96-88C33EBAF8DC}.Release|Any CPU.Deploy.0 = Release|Any CPU
		{3C6AAA4F-B0F7-452E-9B95-238C8FE48C7D}.Debug|Any CPU.ActiveCfg = Debug|Any CPU
		{3C6AAA4F-B0F7-452E-9B95-238C8FE48C7D}.Debug|Any CPU.Build.0 = Debug|Any CPU
		{3C6AAA4F-B0F7-452E-9B95-238C8FE48C7D}.Debug|Any CPU.Deploy.0 = Debug|Any CPU
		{3C6AAA4F-B0F7-452E-9B95-238C8FE48C7D}.Release|Any CPU.ActiveCfg = Release|Any CPU
		{3C6AAA4F-B0F7-452E-9B95-238C8FE48C7D}.Release|Any CPU.Build.0 = Release|Any CPU
		{3C6AAA4F-B0F7-452E-9B95-238C8FE48C7D}.Release|Any CPU.Deploy.0 = Release|Any CPU
	EndGlobalSection
	GlobalSection(SolutionProperties) = preSolution
		HideSolutionNode = FALSE
	EndGlobalSection
	GlobalSection(ExtensibilityGlobals) = postSolution
		SolutionGuid = {474A47D2-CE16-4E19-83FD-12F0990CE8AB}
	EndGlobalSection
EndGlobal
